
Microsoft Visual Studio Solution File, Format Version 12.00
# Visual Studio Version 17
VisualStudioVersion = 17.10.35013.160
MinimumVisualStudioVersion = 10.0.40219.1
Project("{FAE04EC0-301F-11D3-BF4B-00C04F79EFBC}") = "interMVC", "interMVC\interMVC.csproj", "{FAD70341-ADBA-4C88-A753-45D139955076}"
EndProject
Global
	GlobalSection(SolutionConfigurationPlatforms) = preSolution
		Debug|Any CPU = Debug|Any CPU
		Release|Any CPU = Release|Any CPU
	EndGlobalSection
	GlobalSection(ProjectConfigurationPlatforms) = postSolution
		{FAD70341-ADBA-4C88-A753-45D139955076}.Debug|Any CPU.ActiveCfg = Debug|Any CPU
		{FAD70341-ADBA-4C88-A753-45D139955076}.Debug|Any CPU.Build.0 = Debug|Any CPU
		{FAD70341-ADBA-4C88-A753-45D139955076}.Release|Any CPU.ActiveCfg = Release|Any CPU
		{FAD70341-ADBA-4C88-A753-45D139955076}.Release|Any CPU.Build.0 = Release|Any CPU
	EndGlobalSection
	GlobalSection(SolutionProperties) = preSolution
		HideSolutionNode = FALSE
	EndGlobalSection
	GlobalSection(ExtensibilityGlobals) = postSolution
		SolutionGuid = {7490307E-51AF-4105-8B8E-BC03A1A34D3C}
	EndGlobalSection
EndGlobal
